
Microsoft Visual Studio Solution File, Format Version 12.00
# Visual Studio Version 16
VisualStudioVersion = 16.0.30105.148
MinimumVisualStudioVersion = 10.0.40219.1
Project("{FAE04EC0-301F-11D3-BF4B-00C04F79EFBC}") = "CodeFirst_API", "CodeFirst_API.csproj", "{F56BA6FE-8BCC-4B2F-BC3D-1F03BC20FC3A}"
EndProject
Global
	GlobalSection(SolutionConfigurationPlatforms) = preSolution
		Debug|Any CPU = Debug|Any CPU
		Release|Any CPU = Release|Any CPU
	EndGlobalSection
	GlobalSection(ProjectConfigurationPlatforms) = postSolution
		{F56BA6FE-8BCC-4B2F-BC3D-1F03BC20FC3A}.Debug|Any CPU.ActiveCfg = Debug|Any CPU
		{F56BA6FE-8BCC-4B2F-BC3D-1F03BC20FC3A}.Debug|Any CPU.Build.0 = Debug|Any CPU
		{F56BA6FE-8BCC-4B2F-BC3D-1F03BC20FC3A}.Release|Any CPU.ActiveCfg = Release|Any CPU
		{F56BA6FE-8BCC-4B2F-BC3D-1F03BC20FC3A}.Release|Any CPU.Build.0 = Release|Any CPU
	EndGlobalSection
	GlobalSection(SolutionProperties) = preSolution
		HideSolutionNode = FALSE
	EndGlobalSection
	GlobalSection(ExtensibilityGlobals) = postSolution
		SolutionGuid = {4B7A5726-A990-49F2-9F4D-7390AC35A60B}
	EndGlobalSection
EndGlobal
